// !$*UTF8*$!
{
	archiveVersion = 1;
	classes = {
	};
	objectVersion = 48;
	objects = {

/* Begin PBXBuildFile section */
		7550113C200AA18100019F6D /* test.mp3 in Resources */ = {isa = PBXBuildFile; fileRef = 7550113B200AA18100019F6D /* test.mp3 */; };
		757E0E2E200A118E00E1D1C5 /* RoundButton.swift in Sources */ = {isa = PBXBuildFile; fileRef = 757E0E2D200A118E00E1D1C5 /* RoundButton.swift */; };
		75B3A0B12008F1B700D06752 /* AppDelegate.swift in Sources */ = {isa = PBXBuildFile; fileRef = 75B3A0B02008F1B700D06752 /* AppDelegate.swift */; };
		75B3A0B62008F1B700D06752 /* Main.storyboard in Resources */ = {isa = PBXBuildFile; fileRef = 75B3A0B42008F1B700D06752 /* Main.storyboard */; };
		75B3A0B82008F1B700D06752 /* Assets.xcassets in Resources */ = {isa = PBXBuildFile; fileRef = 75B3A0B72008F1B700D06752 /* Assets.xcassets */; };
		75B3A0BB2008F1B700D06752 /* LaunchScreen.storyboard in Resources */ = {isa = PBXBuildFile; fileRef = 75B3A0B92008F1B700D06752 /* LaunchScreen.storyboard */; };
		75B3A0C32008F21000D06752 /* StartVC.swift in Sources */ = {isa = PBXBuildFile; fileRef = 75B3A0C22008F21000D06752 /* StartVC.swift */; };
		75B3A0C52008F22400D06752 /* MainVC.swift in Sources */ = {isa = PBXBuildFile; fileRef = 75B3A0C42008F22300D06752 /* MainVC.swift */; };
		75B3A0C72008F24400D06752 /* AboutVC.swift in Sources */ = {isa = PBXBuildFile; fileRef = 75B3A0C62008F24400D06752 /* AboutVC.swift */; };
		75B3A0C92008FC0300D06752 /* SelectSoundVC.swift in Sources */ = {isa = PBXBuildFile; fileRef = 75B3A0C82008FC0300D06752 /* SelectSoundVC.swift */; };
/* End PBXBuildFile section */

/* Begin PBXFileReference section */
		7550113B200AA18100019F6D /* test.mp3 */ = {isa = PBXFileReference; lastKnownFileType = audio.mp3; path = test.mp3; sourceTree = "<group>"; };
		757E0E2D200A118E00E1D1C5 /* RoundButton.swift */ = {isa = PBXFileReference; lastKnownFileType = sourcecode.swift; path = RoundButton.swift; sourceTree = "<group>"; };
		75B3A0AD2008F1B700D06752 /* Sweet Dreams.app */ = {isa = PBXFileReference; explicitFileType = wrapper.application; includeInIndex = 0; path = "Sweet Dreams.app"; sourceTree = BUILT_PRODUCTS_DIR; };
		75B3A0B02008F1B700D06752 /* AppDelegate.swift */ = {isa = PBXFileReference; lastKnownFileType = sourcecode.swift; path = AppDelegate.swift; sourceTree = "<group>"; };
		75B3A0B52008F1B700D06752 /* Base */ = {isa = PBXFileReference; lastKnownFileType = file.storyboard; name = Base; path = Base.lproj/Main.storyboard; sourceTree = "<group>"; };
		75B3A0B72008F1B700D06752 /* Assets.xcassets */ = {isa = PBXFileReference; lastKnownFileType = folder.assetcatalog; path = Assets.xcassets; sourceTree = "<group>"; };
		75B3A0BA2008F1B700D06752 /* Base */ = {isa = PBXFileReference; lastKnownFileType = file.storyboard; name = Base; path = Base.lproj/LaunchScreen.storyboard; sourceTree = "<group>"; };
		75B3A0BC2008F1B700D06752 /* Info.plist */ = {isa = PBXFileReference; lastKnownFileType = text.plist.xml; path = Info.plist; sourceTree = "<group>"; };
		75B3A0C22008F21000D06752 /* StartVC.swift */ = {isa = PBXFileReference; lastKnownFileType = sourcecode.swift; path = StartVC.swift; sourceTree = "<group>"; };
		75B3A0C42008F22300D06752 /* MainVC.swift */ = {isa = PBXFileReference; lastKnownFileType = sourcecode.swift; path = MainVC.swift; sourceTree = "<group>"; };
		75B3A0C62008F24400D06752 /* AboutVC.swift */ = {isa = PBXFileReference; lastKnownFileType = sourcecode.swift; path = AboutVC.swift; sourceTree = "<group>"; };
		75B3A0C82008FC0300D06752 /* SelectSoundVC.swift */ = {isa = PBXFileReference; lastKnownFileType = sourcecode.swift; path = SelectSoundVC.swift; sourceTree = "<group>"; };
/* End PBXFileReference section */

/* Begin PBXFrameworksBuildPhase section */
		75B3A0AA2008F1B700D06752 /* Frameworks */ = {
			isa = PBXFrameworksBuildPhase;
			buildActionMask = 2147483647;
			files = (
			);
			runOnlyForDeploymentPostprocessing = 0;
		};
/* End PBXFrameworksBuildPhase section */

/* Begin PBXGroup section */
		7550113D200AA19400019F6D /* Sounds */ = {
			isa = PBXGroup;
			children = (
				7550113B200AA18100019F6D /* test.mp3 */,
			);
			path = Sounds;
			sourceTree = "<group>";
		};
		7550113E200AA1A600019F6D /* Additional classes */ = {
			isa = PBXGroup;
			children = (
				757E0E2D200A118E00E1D1C5 /* RoundButton.swift */,
			);
			path = "Additional classes";
			sourceTree = "<group>";
		};
		75B3A0A42008F1B700D06752 = {
			isa = PBXGroup;
			children = (
				75B3A0AF2008F1B700D06752 /* Sweet Dreams */,
				75B3A0AE2008F1B700D06752 /* Products */,
			);
			sourceTree = "<group>";
		};
		75B3A0AE2008F1B700D06752 /* Products */ = {
			isa = PBXGroup;
			children = (
				75B3A0AD2008F1B700D06752 /* Sweet Dreams.app */,
			);
			name = Products;
			sourceTree = "<group>";
		};
		75B3A0AF2008F1B700D06752 /* Sweet Dreams */ = {
			isa = PBXGroup;
			children = (
				75B3A0B02008F1B700D06752 /* AppDelegate.swift */,
				75B3A0B42008F1B700D06752 /* Main.storyboard */,
				75B3A0C82008FC0300D06752 /* SelectSoundVC.swift */,
				75B3A0C22008F21000D06752 /* StartVC.swift */,
				75B3A0C42008F22300D06752 /* MainVC.swift */,
				75B3A0C62008F24400D06752 /* AboutVC.swift */,
				7550113E200AA1A600019F6D /* Additional classes */,
				7550113D200AA19400019F6D /* Sounds */,
				75B3A0B72008F1B700D06752 /* Assets.xcassets */,
				75B3A0B92008F1B700D06752 /* LaunchScreen.storyboard */,
				75B3A0BC2008F1B700D06752 /* Info.plist */,
			);
			path = "Sweet Dreams";
			sourceTree = "<group>";
		};
/* End PBXGroup section */

/* Begin PBXNativeTarget section */
		75B3A0AC2008F1B700D06752 /* Sweet Dreams */ = {
			isa = PBXNativeTarget;
			buildConfigurationList = 75B3A0BF2008F1B700D06752 /* Build configuration list for PBXNativeTarget "Sweet Dreams" */;
			buildPhases = (
				75B3A0A92008F1B700D06752 /* Sources */,
				75B3A0AA2008F1B700D06752 /* Frameworks */,
				75B3A0AB2008F1B700D06752 /* Resources */,
			);
			buildRules = (
			);
			dependencies = (
			);
			name = "Sweet Dreams";
			productName = "Sweet Dreams";
			productReference = 75B3A0AD2008F1B700D06752 /* Sweet Dreams.app */;
			productType = "com.apple.product-type.application";
		};
/* End PBXNativeTarget section */

/* Begin PBXProject section */
		75B3A0A52008F1B700D06752 /* Project object */ = {
			isa = PBXProject;
			attributes = {
				LastSwiftUpdateCheck = 0920;
				LastUpgradeCheck = 0920;
				ORGANIZATIONNAME = "Uladzislau Daratsiuk";
				TargetAttributes = {
					75B3A0AC2008F1B700D06752 = {
						CreatedOnToolsVersion = 9.2;
						ProvisioningStyle = Automatic;
						SystemCapabilities = {
							com.apple.BackgroundModes = {
								enabled = 1;
							};
						};
					};
				};
			};
			buildConfigurationList = 75B3A0A82008F1B700D06752 /* Build configuration list for PBXProject "Sweet Dreams" */;
			compatibilityVersion = "Xcode 8.0";
			developmentRegion = en;
			hasScannedForEncodings = 0;
			knownRegions = (
				en,
				Base,
			);
			mainGroup = 75B3A0A42008F1B700D06752;
			productRefGroup = 75B3A0AE2008F1B700D06752 /* Products */;
			projectDirPath = "";
			projectRoot = "";
			targets = (
				75B3A0AC2008F1B700D06752 /* Sweet Dreams */,
			);
		};
/* End PBXProject section */

/* Begin PBXResourcesBuildPhase section */
		75B3A0AB2008F1B700D06752 /* Resources */ = {
			isa = PBXResourcesBuildPhase;
			buildActionMask = 2147483647;
			files = (
				7550113C200AA18100019F6D /* test.mp3 in Resources */,
				75B3A0BB2008F1B700D06752 /* LaunchScreen.storyboard in Resources */,
				75B3A0B82008F1B700D06752 /* Assets.xcassets in Resources */,
				75B3A0B62008F1B700D06752 /* Main.storyboard in Resources */,
			);
			runOnlyForDeploymentPostprocessing = 0;
		};
/* End PBXResourcesBuildPhase section */

/* Begin PBXSourcesBuildPhase section */
		75B3A0A92008F1B700D06752 /* Sources */ = {
			isa = PBXSourcesBuildPhase;
			buildActionMask = 2147483647;
			files = (
				757E0E2E200A118E00E1D1C5 /* RoundButton.swift in Sources */,
				75B3A0C72008F24400D06752 /* AboutVC.swift in Sources */,
				75B3A0B12008F1B700D06752 /* AppDelegate.swift in Sources */,
				75B3A0C92008FC0300D06752 /* SelectSoundVC.swift in Sources */,
				75B3A0C52008F22400D06752 /* MainVC.swift in Sources */,
				75B3A0C32008F21000D06752 /* StartVC.swift in Sources */,
			);
			runOnlyForDeploymentPostprocessing = 0;
		};
/* End PBXSourcesBuildPhase section */

/* Begin PBXVariantGroup section */
		75B3A0B42008F1B700D06752 /* Main.storyboard */ = {
			isa = PBXVariantGroup;
			children = (
				75B3A0B52008F1B700D06752 /* Base */,
			);
			name = Main.storyboard;
			sourceTree = "<group>";
		};
		75B3A0B92008F1B700D06752 /* LaunchScreen.storyboard */ = {
			isa = PBXVariantGroup;
			children = (
				75B3A0BA2008F1B700D06752 /* Base */,
			);
			name = LaunchScreen.storyboard;
			sourceTree = "<group>";
		};
/* End PBXVariantGroup section */

/* Begin XCBuildConfiguration section */
		75B3A0BD2008F1B700D06752 /* Debug */ = {
			isa = XCBuildConfiguration;
			buildSettings = {
				ALWAYS_SEARCH_USER_PATHS = NO;
				CLANG_ANALYZER_NONNULL = YES;
				CLANG_ANALYZER_NUMBER_OBJECT_CONVERSION = YES_AGGRESSIVE;
				CLANG_CXX_LANGUAGE_STANDARD = "gnu++14";
				CLANG_CXX_LIBRARY = "libc++";
				CLANG_ENABLE_MODULES = YES;
				CLANG_ENABLE_OBJC_ARC = YES;
				CLANG_WARN_BLOCK_CAPTURE_AUTORELEASING = YES;
				CLANG_WARN_BOOL_CONVERSION = YES;
				CLANG_WARN_COMMA = YES;
				CLANG_WARN_CONSTANT_CONVERSION = YES;
				CLANG_WARN_DIRECT_OBJC_ISA_USAGE = YES_ERROR;
				CLANG_WARN_DOCUMENTATION_COMMENTS = YES;
				CLANG_WARN_EMPTY_BODY = YES;
				CLANG_WARN_ENUM_CONVERSION = YES;
				CLANG_WARN_INFINITE_RECURSION = YES;
				CLANG_WARN_INT_CONVERSION = YES;
				CLANG_WARN_NON_LITERAL_NULL_CONVERSION = YES;
				CLANG_WARN_OBJC_LITERAL_CONVERSION = YES;
				CLANG_WARN_OBJC_ROOT_CLASS = YES_ERROR;
				CLANG_WARN_RANGE_LOOP_ANALYSIS = YES;
				CLANG_WARN_STRICT_PROTOTYPES = YES;
				CLANG_WARN_SUSPICIOUS_MOVE = YES;
				CLANG_WARN_UNGUARDED_AVAILABILITY = YES_AGGRESSIVE;
				CLANG_WARN_UNREACHABLE_CODE = YES;
				CLANG_WARN__DUPLICATE_METHOD_MATCH = YES;
				CODE_SIGN_IDENTITY = "iPhone Developer";
				COPY_PHASE_STRIP = NO;
				DEBUG_INFORMATION_FORMAT = dwarf;
				ENABLE_STRICT_OBJC_MSGSEND = YES;
				ENABLE_TESTABILITY = YES;
				GCC_C_LANGUAGE_STANDARD = gnu11;
				GCC_DYNAMIC_NO_PIC = NO;
				GCC_NO_COMMON_BLOCKS = YES;
				GCC_OPTIMIZATION_LEVEL = 0;
				GCC_PREPROCESSOR_DEFINITIONS = (
					"DEBUG=1",
					"$(inherited)",
				);
				GCC_WARN_64_TO_32_BIT_CONVERSION = YES;
				GCC_WARN_ABOUT_RETURN_TYPE = YES_ERROR;
				GCC_WARN_UNDECLARED_SELECTOR = YES;
				GCC_WARN_UNINITIALIZED_AUTOS = YES_AGGRESSIVE;
				GCC_WARN_UNUSED_FUNCTION = YES;
				GCC_WARN_UNUSED_VARIABLE = YES;
				IPHONEOS_DEPLOYMENT_TARGET = 11.2;
				MTL_ENABLE_DEBUG_INFO = YES;
				ONLY_ACTIVE_ARCH = YES;
				SDKROOT = iphoneos;
				SWIFT_ACTIVE_COMPILATION_CONDITIONS = DEBUG;
				SWIFT_OPTIMIZATION_LEVEL = "-Onone";
			};
			name = Debug;
		};
		75B3A0BE2008F1B700D06752 /* Release */ = {
			isa = XCBuildConfiguration;
			buildSettings = {
				ALWAYS_SEARCH_USER_PATHS = NO;
				CLANG_ANALYZER_NONNULL = YES;
				CLANG_ANALYZER_NUMBER_OBJECT_CONVERSION = YES_AGGRESSIVE;
				CLANG_CXX_LANGUAGE_STANDARD = "gnu++14";
				CLANG_CXX_LIBRARY = "libc++";
				CLANG_ENABLE_MODULES = YES;
				CLANG_ENABLE_OBJC_ARC = YES;
				CLANG_WARN_BLOCK_CAPTURE_AUTORELEASING = YES;
				CLANG_WARN_BOOL_CONVERSION = YES;
				CLANG_WARN_COMMA = YES;
				CLANG_WARN_CONSTANT_CONVERSION = YES;
				CLANG_WARN_DIRECT_OBJC_ISA_USAGE = YES_ERROR;
				CLANG_WARN_DOCUMENTATION_COMMENTS = YES;
				CLANG_WARN_EMPTY_BODY = YES;
				CLANG_WARN_ENUM_CONVERSION = YES;
				CLANG_WARN_INFINITE_RECURSION = YES;
				CLANG_WARN_INT_CONVERSION = YES;
				CLANG_WARN_NON_LITERAL_NULL_CONVERSION = YES;
				CLANG_WARN_OBJC_LITERAL_CONVERSION = YES;
				CLANG_WARN_OBJC_ROOT_CLASS = YES_ERROR;
				CLANG_WARN_RANGE_LOOP_ANALYSIS = YES;
				CLANG_WARN_STRICT_PROTOTYPES = YES;
				CLANG_WARN_SUSPICIOUS_MOVE = YES;
				CLANG_WARN_UNGUARDED_AVAILABILITY = YES_AGGRESSIVE;
				CLANG_WARN_UNREACHABLE_CODE = YES;
				CLANG_WARN__DUPLICATE_METHOD_MATCH = YES;
				CODE_SIGN_IDENTITY = "iPhone Developer";
				COPY_PHASE_STRIP = NO;
				DEBUG_INFORMATION_FORMAT = "dwarf-with-dsym";
				ENABLE_NS_ASSERTIONS = NO;
				ENABLE_STRICT_OBJC_MSGSEND = YES;
				GCC_C_LANGUAGE_STANDARD = gnu11;
				GCC_NO_COMMON_BLOCKS = YES;
				GCC_WARN_64_TO_32_BIT_CONVERSION = YES;
				GCC_WARN_ABOUT_RETURN_TYPE = YES_ERROR;
				GCC_WARN_UNDECLARED_SELECTOR = YES;
				GCC_WARN_UNINITIALIZED_AUTOS = YES_AGGRESSIVE;
				GCC_WARN_UNUSED_FUNCTION = YES;
				GCC_WARN_UNUSED_VARIABLE = YES;
				IPHONEOS_DEPLOYMENT_TARGET = 11.2;
				MTL_ENABLE_DEBUG_INFO = NO;
				SDKROOT = iphoneos;
				SWIFT_OPTIMIZATION_LEVEL = "-Owholemodule";
				VALIDATE_PRODUCT = YES;
			};
			name = Release;
		};
		75B3A0C02008F1B700D06752 /* Debug */ = {
			isa = XCBuildConfiguration;
			buildSettings = {
				ASSETCATALOG_COMPILER_APPICON_NAME = AppIcon;
				CODE_SIGN_STYLE = Automatic;
				DEVELOPMENT_TEAM = Z4NGAZXKWW;
				INFOPLIST_FILE = "Sweet Dreams/Info.plist";
				LD_RUNPATH_SEARCH_PATHS = "$(inherited) @executable_path/Frameworks";
				PRODUCT_BUNDLE_IDENTIFIER = "Uladzislau-Daratsiuk.Sweet-Dreams";
				PRODUCT_NAME = "$(TARGET_NAME)";
				SWIFT_VERSION = 4.0;
				TARGETED_DEVICE_FAMILY = "1,2";
			};
			name = Debug;
		};
		75B3A0C12008F1B700D06752 /* Release */ = {
			isa = XCBuildConfiguration;
			buildSettings = {
				ASSETCATALOG_COMPILER_APPICON_NAME = AppIcon;
				CODE_SIGN_STYLE = Automatic;
				DEVELOPMENT_TEAM = Z4NGAZXKWW;
				INFOPLIST_FILE = "Sweet Dreams/Info.plist";
				LD_RUNPATH_SEARCH_PATHS = "$(inherited) @executable_path/Frameworks";
				PRODUCT_BUNDLE_IDENTIFIER = "Uladzislau-Daratsiuk.Sweet-Dreams";
				PRODUCT_NAME = "$(TARGET_NAME)";
				SWIFT_VERSION = 4.0;
				TARGETED_DEVICE_FAMILY = "1,2";
			};
			name = Release;
		};
/* End XCBuildConfiguration section */

/* Begin XCConfigurationList section */
		75B3A0A82008F1B700D06752 /* Build configuration list for PBXProject "Sweet Dreams" */ = {
			isa = XCConfigurationList;
			buildConfigurations = (
				75B3A0BD2008F1B700D06752 /* Debug */,
				75B3A0BE2008F1B700D06752 /* Release */,
			);
			defaultConfigurationIsVisible = 0;
			defaultConfigurationName = Release;
		};
		75B3A0BF2008F1B700D06752 /* Build configuration list for PBXNativeTarget "Sweet Dreams" */ = {
			isa = XCConfigurationList;
			buildConfigurations = (
				75B3A0C02008F1B700D06752 /* Debug */,
				75B3A0C12008F1B700D06752 /* Release */,
			);
			defaultConfigurationIsVisible = 0;
			defaultConfigurationName = Release;
		};
/* End XCConfigurationList section */
	};
	rootObject = 75B3A0A52008F1B700D06752 /* Project object */;
}
